<?xml version="1.0" encoding="utf-8"?>
<Project ToolsVersion="4.0" xmlns="http://schemas.microsoft.com/developer/msbuild/2003">
  <ItemGroup>
    <Filter Include="Source Files">
      <UniqueIdentifier>{4FC737F1-C7A5-4376-A066-2A32D752A2FF}</UniqueIdentifier>
      <Extensions>cpp;c;cc;cxx;def;odl;idl;hpj;bat;asm;asmx</Extensions>
    </Filter>
    <Filter Include="Header Files">
      <UniqueIdentifier>{93995380-89BD-4b04-88EB-625FBE52EBFB}</UniqueIdentifier>
      <Extensions>h;hh;hpp;hxx;hm;inl;inc;xsd</Extensions>
    </Filter>
    <Filter Include="Resource Files">
      <UniqueIdentifier>{67DA6AB6-F800-4c08-8B7A-83BB121AAD01}</UniqueIdentifier>
      <Extensions>rc;ico;cur;bmp;dlg;rc2;rct;bin;rgs;gif;jpg;jpeg;jpe;resx;tiff;tif;png;wav;mfcribbon-ms</Extensions>
    </Filter>
    <Filter Include="Resource Files\dll">
      <UniqueIdentifier>{19e15662-4c12-4a34-ae26-f1e4c55e2ed6}</UniqueIdentifier>
    </Filter>
    <Filter Include="Resource Files\dll\soundtouch">
      <UniqueIdentifier>{32f7e60d-8013-4bc5-97f2-ea46ff0eb44c}</UniqueIdentifier>
    </Filter>
    <Filter Include="Resource Files\engine">
      <UniqueIdentifier>{dd0f627e-1b27-4b22-bd33-cc62510e3a5a}</UniqueIdentifier>
    </Filter>
    <Filter Include="Resource Files\engine\font">
      <UniqueIdentifier>{7e18b547-b2a2-46d4-8735-e97fa50deb52}</UniqueIdentifier>
    </Filter>
    <Filter Include="Resource Files\engine\shader">
      <UniqueIdentifier>{6e6c20ba-4683-4351-a296-e48fc1bd13b6}</UniqueIdentifier>
    </Filter>
    <Filter Include="Resource Files\engine\soundfont">
      <UniqueIdentifier>{4c0a52c1-e26c-4fb0-8f66-9d159a27e1ab}</UniqueIdentifier>
    </Filter>
    <Filter Include="Resource Files\engine\texture">
      <UniqueIdentifier>{c2c61b9f-26e5-4d11-af08-b440078e2859}</UniqueIdentifier>
    </Filter>
    <Filter Include="Resource Files\engine\font\fontawesome">
      <UniqueIdentifier>{ab17fde8-8462-494e-83c4-a2c8282a848f}</UniqueIdentifier>
    </Filter>
    <Filter Include="Resource Files\engine\font\materialdesignicons">
      <UniqueIdentifier>{8b14efac-ff68-46db-8547-a9449e1b81b2}</UniqueIdentifier>
    </Filter>
    <Filter Include="Resource Files\engine\font\mplus">
      <UniqueIdentifier>{90f12eb8-452b-4c24-b387-90d6f03cf8aa}</UniqueIdentifier>
    </Filter>
    <Filter Include="Resource Files\engine\font\noto-cjk">
      <UniqueIdentifier>{e515dda5-8ec6-467d-ad63-4473ba6a2bb0}</UniqueIdentifier>
    </Filter>
    <Filter Include="Resource Files\engine\font\noto-emoji">
      <UniqueIdentifier>{bf0377f2-4172-4f4c-92fa-28160e525693}</UniqueIdentifier>
    </Filter>
    <Filter Include="Resource Files\engine\shader\d3d11">
      <UniqueIdentifier>{4da703f4-3907-44b1-a9c9-abe785f834e9}</UniqueIdentifier>
    </Filter>
    <Filter Include="Resource Files\engine\shader\glsl">
      <UniqueIdentifier>{129c7b8e-3369-41b7-ba3c-5cd490396ffb}</UniqueIdentifier>
    </Filter>
    <Filter Include="Resource Files\engine\texture\box-shadow">
      <UniqueIdentifier>{8c8c80fe-a6dc-452d-b92d-fbb22ec16326}</UniqueIdentifier>
    </Filter>
    <Filter Include="Resource Files\engine\font\min">
      <UniqueIdentifier>{1b103960-f11a-4515-b4f1-f59333ce00d9}</UniqueIdentifier>
    </Filter>
    <Filter Include="Header Files\Scenes">
      <UniqueIdentifier>{becb4641-f8bc-46db-b996-232f5de0e00a}</UniqueIdentifier>
    </Filter>
    <Filter Include="Source Files\Scenes">
      <UniqueIdentifier>{11615cfa-f64b-4a00-8f7f-b61725b84bae}</UniqueIdentifier>
    </Filter>
    <Filter Include="Header Files\Utils">
      <UniqueIdentifier>{55207803-9952-4895-bc9e-fab5f9962277}</UniqueIdentifier>
    </Filter>
    <Filter Include="Source Files\Utils">
      <UniqueIdentifier>{a029fab7-122e-4f56-b30b-0ca5827457df}</UniqueIdentifier>
    </Filter>
    <Filter Include="Resource Files\assets">
      <UniqueIdentifier>{133a3a4d-caba-476f-97ee-5883f1d17eb7}</UniqueIdentifier>
    </Filter>
    <Filter Include="Resource Files\assets\images">
      <UniqueIdentifier>{8fce2647-4858-4f8d-9f89-965ea9314b1c}</UniqueIdentifier>
    </Filter>
    <Filter Include="Resource Files\assets\images\polygons">
      <UniqueIdentifier>{c28a8f33-5216-4aef-b861-3c8be0b9b113}</UniqueIdentifier>
    </Filter>
    <Filter Include="Resource Files\assets\images\notes">
      <UniqueIdentifier>{3a0a3b45-a1c7-4b56-b6d1-f8c9f561ed86}</UniqueIdentifier>
    </Filter>
    <Filter Include="Resource Files\assets\images\logos">
      <UniqueIdentifier>{15b4026b-a03a-440b-8f2c-d6361496976e}</UniqueIdentifier>
    </Filter>
    <Filter Include="Resource Files\assets\shaders">
      <UniqueIdentifier>{04cb14e3-f275-4876-aa3e-beecacf69d43}</UniqueIdentifier>
    </Filter>
    <Filter Include="Resource Files\assets\shaders\glsl">
      <UniqueIdentifier>{dcac33c1-76e3-4743-8748-3b6d6daaa22c}</UniqueIdentifier>
    </Filter>
    <Filter Include="Resource Files\assets\shaders\hlsl">
      <UniqueIdentifier>{0ea871e4-527d-48d5-a4ab-35a0379fb53d}</UniqueIdentifier>
    </Filter>
    <Filter Include="Resource Files\assets\sounds">
      <UniqueIdentifier>{01d5cd1b-a6bf-4e56-ad60-93bacbb10a99}</UniqueIdentifier>
    </Filter>
    <Filter Include="Resource Files\assets\sounds\BGM">
      <UniqueIdentifier>{7173af7f-2db9-4acf-b936-c2a63071e786}</UniqueIdentifier>
    </Filter>
    <Filter Include="Resource Files\assets\sounds\SE">
      <UniqueIdentifier>{6f98481c-899d-4ef4-a611-e377a33188c1}</UniqueIdentifier>
    </Filter>
    <Filter Include="Resource Files\scores">
      <UniqueIdentifier>{6c353712-6b25-4d5f-ad1b-13aa362aab6f}</UniqueIdentifier>
    </Filter>
  </ItemGroup>
  <ItemGroup>
    <ClCompile Include="stdafx.cpp">
      <Filter>Source Files</Filter>
    </ClCompile>
    <ClCompile Include="src\Asset\Asset.cpp">
      <Filter>Source Files</Filter>
    </ClCompile>
    <ClCompile Include="src\Audition\Audition.cpp">
      <Filter>Source Files</Filter>
    </ClCompile>
    <ClCompile Include="src\Base\Singleton.cpp">
      <Filter>Source Files</Filter>
    </ClCompile>
    <ClCompile Include="src\Config\Config.cpp">
      <Filter>Source Files</Filter>
    </ClCompile>
    <ClCompile Include="src\Fullscreen\Fullscreen.cpp">
      <Filter>Source Files</Filter>
    </ClCompile>
    <ClCompile Include="src\PlayerData\PlayerData.cpp">
      <Filter>Source Files</Filter>
    </ClCompile>
    <ClCompile Include="src\Scenes\Game.cpp">
      <Filter>Source Files\Scenes</Filter>
    </ClCompile>
    <ClCompile Include="src\Scenes\Menu.cpp">
      <Filter>Source Files\Scenes</Filter>
    </ClCompile>
    <ClCompile Include="src\Scenes\Setup.cpp">
      <Filter>Source Files\Scenes</Filter>
    </ClCompile>
    <ClCompile Include="src\Scenes\Title.cpp">
      <Filter>Source Files\Scenes</Filter>
    </ClCompile>
    <ClCompile Include="src\Score\Manager.cpp">
      <Filter>Source Files</Filter>
    </ClCompile>
    <ClCompile Include="src\UI\Tile.cpp">
      <Filter>Source Files</Filter>
    </ClCompile>
    <ClCompile Include="src\Main.cpp">
      <Filter>Source Files</Filter>
    </ClCompile>
    <ClCompile Include="src\Notification\Notification.cpp">
      <Filter>Source Files</Filter>
    </ClCompile>
    <ClCompile Include="src\Utils\Parser.cpp">
      <Filter>Source Files\Utils</Filter>
    </ClCompile>
    <ClCompile Include="src\Scenes\Result.cpp">
      <Filter>Source Files\Scenes</Filter>
    </ClCompile>
    <ClCompile Include="src\Utils\Controller.cpp">
      <Filter>Source Files</Filter>
    </ClCompile>
  </ItemGroup>
  <ItemGroup>
    <Image Include="App\icon.ico">
      <Filter>Resource Files</Filter>
    </Image>
    <Image Include="App\engine\texture\box-shadow\8.png">
      <Filter>Resource Files\engine\texture\box-shadow</Filter>
    </Image>
    <Image Include="App\engine\texture\box-shadow\16.png">
      <Filter>Resource Files\engine\texture\box-shadow</Filter>
    </Image>
    <Image Include="App\engine\texture\box-shadow\32.png">
      <Filter>Resource Files\engine\texture\box-shadow</Filter>
    </Image>
    <Image Include="App\engine\texture\box-shadow\64.png">
      <Filter>Resource Files\engine\texture\box-shadow</Filter>
    </Image>
    <Image Include="App\engine\texture\box-shadow\128.png">
      <Filter>Resource Files\engine\texture\box-shadow</Filter>
    </Image>
    <Image Include="App\engine\texture\box-shadow\256.png">
      <Filter>Resource Files\engine\texture\box-shadow</Filter>
    </Image>
    <Image Include="App\assets\images\notes\hold.png">
      <Filter>Resource Files\assets\images\notes</Filter>
    </Image>
    <Image Include="App\assets\images\notes\press.png">
      <Filter>Resource Files\assets\images\notes</Filter>
    </Image>
    <Image Include="App\assets\images\notes\tap.png">
      <Filter>Resource Files\assets\images\notes</Filter>
    </Image>
    <Image Include="App\assets\images\polygons\0.png">
      <Filter>Resource Files\assets\images\polygons</Filter>
    </Image>
    <Image Include="App\assets\images\polygons\1.png">
      <Filter>Resource Files\assets\images\polygons</Filter>
    </Image>
    <Image Include="App\assets\images\polygons\2.png">
      <Filter>Resource Files\assets\images\polygons</Filter>
    </Image>
    <Image Include="App\assets\images\polygons\3.png">
      <Filter>Resource Files\assets\images\polygons</Filter>
    </Image>
    <Image Include="App\assets\images\logos\ryoga-exe.png">
      <Filter>Resource Files\assets\images\logos</Filter>
    </Image>
    <Image Include="App\assets\images\logos\sigmabeat.png">
      <Filter>Resource Files\assets\images\logos</Filter>
    </Image>
    <Image Include="App\assets\images\logos\sigmabeat_.png">
      <Filter>Resource Files\assets\images\logos</Filter>
    </Image>
    <Image Include="App\assets\images\logos\sigmabeat_greenback.png">
      <Filter>Resource Files\assets\images\logos</Filter>
    </Image>
    <Image Include="App\assets\images\icon.png">
      <Filter>Resource Files\assets\images</Filter>
    </Image>
  </ItemGroup>
  <ItemGroup>
    <ResourceCompile Include="App\Resource.rc">
      <Filter>Resource Files</Filter>
    </ResourceCompile>
  </ItemGroup>
  <ItemGroup>
    <Text Include="App\dll\soundtouch\COPYING.TXT">
      <Filter>Resource Files\dll\soundtouch</Filter>
    </Text>
    <Text Include="App\engine\font\fontawesome\LICENSE.txt">
      <Filter>Resource Files\engine\font\fontawesome</Filter>
    </Text>
    <Text Include="App\engine\soundfont\GMGSx.sf2.txt">
      <Filter>Resource Files\engine\soundfont</Filter>
    </Text>
    <Text Include="App\assets\shaders\credit.txt">
      <Filter>Resource Files\assets\shaders</Filter>
    </Text>
    <Text Include="App\assets\sounds\credit.txt">
      <Filter>Resource Files\assets\sounds</Filter>
    </Text>
  </ItemGroup>
  <ItemGroup>
    <None Include="App\dll\soundtouch\SoundTouch_x64.dll">
      <Filter>Resource Files\dll\soundtouch</Filter>
    </None>
    <None Include="App\engine\font\fontawesome\fontawesome-brands.otf.zstdcmp">
      <Filter>Resource Files\engine\font\fontawesome</Filter>
    </None>
    <None Include="App\engine\font\fontawesome\fontawesome-solid.otf.zstdcmp">
      <Filter>Resource Files\engine\font\fontawesome</Filter>
    </None>
    <None Include="App\engine\font\materialdesignicons\license.md">
      <Filter>Resource Files\engine\font\materialdesignicons</Filter>
    </None>
    <None Include="App\engine\font\materialdesignicons\materialdesignicons-webfont.ttf.zstdcmp">
      <Filter>Resource Files\engine\font\materialdesignicons</Filter>
    </None>
    <None Include="App\engine\font\mplus\mplus-1p-black.ttf.zstdcmp">
      <Filter>Resource Files\engine\font\mplus</Filter>
    </None>
    <None Include="App\engine\font\mplus\mplus-1p-bold.ttf.zstdcmp">
      <Filter>Resource Files\engine\font\mplus</Filter>
    </None>
    <None Include="App\engine\font\mplus\mplus-1p-heavy.ttf.zstdcmp">
      <Filter>Resource Files\engine\font\mplus</Filter>
    </None>
    <None Include="App\engine\font\mplus\mplus-1p-light.ttf.zstdcmp">
      <Filter>Resource Files\engine\font\mplus</Filter>
    </None>
    <None Include="App\engine\font\mplus\mplus-1p-medium.ttf.zstdcmp">
      <Filter>Resource Files\engine\font\mplus</Filter>
    </None>
    <None Include="App\engine\font\mplus\mplus-1p-regular.ttf.zstdcmp">
      <Filter>Resource Files\engine\font\mplus</Filter>
    </None>
    <None Include="App\engine\font\mplus\mplus-1p-thin.ttf.zstdcmp">
      <Filter>Resource Files\engine\font\mplus</Filter>
    </None>
    <None Include="App\engine\font\mplus\LICENSE_E">
      <Filter>Resource Files\engine\font\mplus</Filter>
    </None>
    <None Include="App\engine\font\noto-cjk\LICENSE">
      <Filter>Resource Files\engine\font\noto-cjk</Filter>
    </None>
    <None Include="App\engine\font\noto-cjk\NotoSansCJK-Regular.ttc.zstdcmp">
      <Filter>Resource Files\engine\font\noto-cjk</Filter>
    </None>
    <None Include="App\engine\font\noto-cjk\NotoSansJP-Regular.otf.zstdcmp">
      <Filter>Resource Files\engine\font\noto-cjk</Filter>
    </None>
    <None Include="App\engine\font\noto-emoji\LICENSE">
      <Filter>Resource Files\engine\font\noto-emoji</Filter>
    </None>
    <None Include="App\engine\font\noto-emoji\NotoColorEmoji.ttf.zstdcmp">
      <Filter>Resource Files\engine\font\noto-emoji</Filter>
    </None>
    <None Include="App\engine\font\noto-emoji\NotoEmoji-Regular.ttf.zstdcmp">
      <Filter>Resource Files\engine\font\noto-emoji</Filter>
    </None>
    <None Include="App\engine\shader\d3d11\apply_srgb_curve.ps">
      <Filter>Resource Files\engine\shader\d3d11</Filter>
    </None>
    <None Include="App\engine\shader\d3d11\bitmapfont.ps">
      <Filter>Resource Files\engine\shader\d3d11</Filter>
    </None>
    <None Include="App\engine\shader\d3d11\copy.ps">
      <Filter>Resource Files\engine\shader\d3d11</Filter>
    </None>
    <None Include="App\engine\shader\d3d11\forward3d.ps">
      <Filter>Resource Files\engine\shader\d3d11</Filter>
    </None>
    <None Include="App\engine\shader\d3d11\fullscreen_triangle.ps">
      <Filter>Resource Files\engine\shader\d3d11</Filter>
    </None>
    <None Include="App\engine\shader\d3d11\gaussian_blur_9.ps">
      <Filter>Resource Files\engine\shader\d3d11</Filter>
    </None>
    <None Include="App\engine\shader\d3d11\line3d.ps">
      <Filter>Resource Files\engine\shader\d3d11</Filter>
    </None>
    <None Include="App\engine\shader\d3d11\msdffont.ps">
      <Filter>Resource Files\engine\shader\d3d11</Filter>
    </None>
    <None Include="App\engine\shader\d3d11\msdffont_outline.ps">
      <Filter>Resource Files\engine\shader\d3d11</Filter>
    </None>
    <None Include="App\engine\shader\d3d11\msdffont_outlineshadow.ps">
      <Filter>Resource Files\engine\shader\d3d11</Filter>
    </None>
    <None Include="App\engine\shader\d3d11\msdffont_shadow.ps">
      <Filter>Resource Files\engine\shader\d3d11</Filter>
    </None>
    <None Include="App\engine\shader\d3d11\msdfprint.ps">
      <Filter>Resource Files\engine\shader\d3d11</Filter>
    </None>
    <None Include="App\engine\shader\d3d11\round_dot.ps">
      <Filter>Resource Files\engine\shader\d3d11</Filter>
    </None>
    <None Include="App\engine\shader\d3d11\sdffont.ps">
      <Filter>Resource Files\engine\shader\d3d11</Filter>
    </None>
    <None Include="App\engine\shader\d3d11\sdffont_outline.ps">
      <Filter>Resource Files\engine\shader\d3d11</Filter>
    </None>
    <None Include="App\engine\shader\d3d11\sdffont_outlineshadow.ps">
      <Filter>Resource Files\engine\shader\d3d11</Filter>
    </None>
    <None Include="App\engine\shader\d3d11\sdffont_shadow.ps">
      <Filter>Resource Files\engine\shader\d3d11</Filter>
    </None>
    <None Include="App\engine\shader\d3d11\shape.ps">
      <Filter>Resource Files\engine\shader\d3d11</Filter>
    </None>
    <None Include="App\engine\shader\d3d11\sky.ps">
      <Filter>Resource Files\engine\shader\d3d11</Filter>
    </None>
    <None Include="App\engine\shader\d3d11\square_dot.ps">
      <Filter>Resource Files\engine\shader\d3d11</Filter>
    </None>
    <None Include="App\engine\shader\d3d11\texture.ps">
      <Filter>Resource Files\engine\shader\d3d11</Filter>
    </None>
    <None Include="App\engine\shader\d3d11\forward3d.vs">
      <Filter>Resource Files\engine\shader\d3d11</Filter>
    </None>
    <None Include="App\engine\shader\d3d11\fullscreen_triangle.vs">
      <Filter>Resource Files\engine\shader\d3d11</Filter>
    </None>
    <None Include="App\engine\shader\d3d11\line3d.vs">
      <Filter>Resource Files\engine\shader\d3d11</Filter>
    </None>
    <None Include="App\engine\shader\d3d11\sprite.vs">
      <Filter>Resource Files\engine\shader\d3d11</Filter>
    </None>
    <None Include="App\engine\shader\glsl\msdffont.frag">
      <Filter>Resource Files\engine\shader\glsl</Filter>
    </None>
    <None Include="App\engine\shader\glsl\msdffont_outline.frag">
      <Filter>Resource Files\engine\shader\glsl</Filter>
    </None>
    <None Include="App\engine\shader\glsl\msdffont_outlineshadow.frag">
      <Filter>Resource Files\engine\shader\glsl</Filter>
    </None>
    <None Include="App\engine\shader\glsl\msdffont_shadow.frag">
      <Filter>Resource Files\engine\shader\glsl</Filter>
    </None>
    <None Include="App\engine\shader\glsl\msdfprint.frag">
      <Filter>Resource Files\engine\shader\glsl</Filter>
    </None>
    <None Include="App\engine\shader\glsl\round_dot.frag">
      <Filter>Resource Files\engine\shader\glsl</Filter>
    </None>
    <None Include="App\engine\shader\glsl\sdffont.frag">
      <Filter>Resource Files\engine\shader\glsl</Filter>
    </None>
    <None Include="App\engine\shader\glsl\sdffont_outline.frag">
      <Filter>Resource Files\engine\shader\glsl</Filter>
    </None>
    <None Include="App\engine\shader\glsl\sdffont_outlineshadow.frag">
      <Filter>Resource Files\engine\shader\glsl</Filter>
    </None>
    <None Include="App\engine\shader\glsl\sdffont_shadow.frag">
      <Filter>Resource Files\engine\shader\glsl</Filter>
    </None>
    <None Include="App\engine\shader\glsl\shape.frag">
      <Filter>Resource Files\engine\shader\glsl</Filter>
    </None>
    <None Include="App\engine\shader\glsl\sky.frag">
      <Filter>Resource Files\engine\shader\glsl</Filter>
    </None>
    <None Include="App\engine\shader\glsl\sprite.vert">
      <Filter>Resource Files\engine\shader\glsl</Filter>
    </None>
    <None Include="App\engine\shader\glsl\square_dot.frag">
      <Filter>Resource Files\engine\shader\glsl</Filter>
    </None>
    <None Include="App\engine\shader\glsl\texture.frag">
      <Filter>Resource Files\engine\shader\glsl</Filter>
    </None>
    <None Include="App\engine\shader\glsl\apply_srgb_curve.frag">
      <Filter>Resource Files\engine\shader\glsl</Filter>
    </None>
    <None Include="App\engine\shader\glsl\bitmapfont.frag">
      <Filter>Resource Files\engine\shader\glsl</Filter>
    </None>
    <None Include="App\engine\shader\glsl\copy.frag">
      <Filter>Resource Files\engine\shader\glsl</Filter>
    </None>
    <None Include="App\engine\shader\glsl\forward3d.frag">
      <Filter>Resource Files\engine\shader\glsl</Filter>
    </None>
    <None Include="App\engine\shader\glsl\forward3d.vert">
      <Filter>Resource Files\engine\shader\glsl</Filter>
    </None>
    <None Include="App\engine\shader\glsl\fullscreen_triangle.frag">
      <Filter>Resource Files\engine\shader\glsl</Filter>
    </None>
    <None Include="App\engine\shader\glsl\fullscreen_triangle.vert">
      <Filter>Resource Files\engine\shader\glsl</Filter>
    </None>
    <None Include="App\engine\shader\glsl\gaussian_blur_9.frag">
      <Filter>Resource Files\engine\shader\glsl</Filter>
    </None>
    <None Include="App\engine\shader\glsl\line3d.frag">
      <Filter>Resource Files\engine\shader\glsl</Filter>
    </None>
    <None Include="App\engine\shader\glsl\line3d.vert">
      <Filter>Resource Files\engine\shader\glsl</Filter>
    </None>
    <None Include="App\engine\soundfont\GMGSx.sf2.zstdcmp">
      <Filter>Resource Files\engine\soundfont</Filter>
    </None>
    <None Include=".editorconfig" />
    <None Include="App\engine\font\min\LICENSE">
      <Filter>Resource Files\engine\font\min</Filter>
    </None>
    <None Include="App\engine\font\min\siv3d-min.woff">
      <Filter>Resource Files\engine\font\min</Filter>
    </None>
    <None Include="App\config.toml">
      <Filter>Resource Files</Filter>
    </None>
    <None Include="App\assets\shaders\glsl\homography.frag">
      <Filter>Resource Files\assets\shaders\glsl</Filter>
    </None>
    <None Include="App\assets\shaders\glsl\homography.vert">
      <Filter>Resource Files\assets\shaders\glsl</Filter>
    </None>
    <None Include="App\assets\shaders\hlsl\homography.hlsl">
      <Filter>Resource Files\assets\shaders\hlsl</Filter>
    </None>
    <None Include="App\assets\sounds\SE\LevelChange_SE.ogg">
      <Filter>Resource Files\assets\sounds\SE</Filter>
    </None>
  </ItemGroup>
  <ItemGroup>
    <Media Include="App\assets\sounds\BGM\opening.wav">
      <Filter>Resource Files\assets\sounds\BGM</Filter>
    </Media>
    <Media Include="App\assets\sounds\BGM\result.wav">
      <Filter>Resource Files\assets\sounds\BGM</Filter>
    </Media>
    <Media Include="App\assets\sounds\SE\Bad_SE.wav">
      <Filter>Resource Files\assets\sounds\SE</Filter>
    </Media>
    <Media Include="App\assets\sounds\SE\Good_SE.wav">
      <Filter>Resource Files\assets\sounds\SE</Filter>
    </Media>
    <Media Include="App\assets\sounds\SE\Select_bgm.wav">
      <Filter>Resource Files\assets\sounds\SE</Filter>
    </Media>
    <Media Include="App\assets\sounds\SE\Select_BGM_02.wav">
      <Filter>Resource Files\assets\sounds\SE</Filter>
    </Media>
    <Media Include="App\assets\sounds\SE\Select_SE.wav">
      <Filter>Resource Files\assets\sounds\SE</Filter>
    </Media>
  </ItemGroup>
  <ItemGroup>
    <ClInclude Include="stdafx.h">
      <Filter>Header Files</Filter>
    </ClInclude>
    <ClInclude Include="src\Asset\Asset.hpp">
      <Filter>Header Files</Filter>
    </ClInclude>
    <ClInclude Include="src\Audition\Audition.hpp">
      <Filter>Header Files</Filter>
    </ClInclude>
    <ClInclude Include="src\Base\Singleton.hpp">
      <Filter>Header Files</Filter>
    </ClInclude>
    <ClInclude Include="src\Config\Config.hpp">
      <Filter>Header Files</Filter>
    </ClInclude>
    <ClInclude Include="src\Fullscreen\Fullscreen.hpp">
      <Filter>Header Files</Filter>
    </ClInclude>
    <ClInclude Include="src\PlayerData\PlayerData.hpp">
      <Filter>Header Files</Filter>
    </ClInclude>
    <ClInclude Include="src\Scenes\Game.hpp">
      <Filter>Header Files\Scenes</Filter>
    </ClInclude>
    <ClInclude Include="src\Scenes\Menu.hpp">
      <Filter>Header Files\Scenes</Filter>
    </ClInclude>
    <ClInclude Include="src\Scenes\Setup.hpp">
      <Filter>Header Files\Scenes</Filter>
    </ClInclude>
    <ClInclude Include="src\Scenes\Title.hpp">
      <Filter>Header Files\Scenes</Filter>
    </ClInclude>
    <ClInclude Include="src\Score\Data.hpp">
      <Filter>Header Files</Filter>
    </ClInclude>
    <ClInclude Include="src\Score\Manager.hpp">
      <Filter>Header Files</Filter>
    </ClInclude>
    <ClInclude Include="src\UI\Tile.hpp">
      <Filter>Header Files</Filter>
    </ClInclude>
    <ClInclude Include="src\Common.hpp">
      <Filter>Header Files</Filter>
    </ClInclude>
    <ClInclude Include="src\Notification\Notification.hpp">
      <Filter>Header Files</Filter>
    </ClInclude>
    <ClInclude Include="src\Score\Note\Note.hpp">
      <Filter>Header Files</Filter>
    </ClInclude>
    <ClInclude Include="src\Utils\Parser.hpp">
      <Filter>Header Files\Utils</Filter>
    </ClInclude>
    <ClInclude Include="src\Scenes\Result.hpp">
      <Filter>Header Files\Scenes</Filter>
    </ClInclude>
    <ClInclude Include="src\Utils\Controller.hpp">
      <Filter>Header Files</Filter>
    </ClInclude>
    <ClInclude Include="src\Utils\Combo.hpp">
      <Filter>Header Files\Utils</Filter>
    </ClInclude>
  </ItemGroup>
</Project>